
Microsoft Visual Studio Solution File, Format Version 12.00
# Visual Studio 2013
VisualStudioVersion = 12.0.40629.0
MinimumVisualStudioVersion = 10.0.40219.1
Project("{FAE04EC0-301F-11D3-BF4B-00C04F79EFBC}") = "TrendPie", "TrendPie\TrendPie.csproj", "{C159AD4D-83BD-4819-BA0D-8E40FFCDB767}"
EndProject
Project("{2150E333-8FDC-42A3-9474-1A3956D46DE8}") = "PublishScripts", "PublishScripts", "{30F7B665-DF1E-44DF-83B6-ED51900E778A}"
	ProjectSection(SolutionItems) = preProject
		PublishScripts\AzureWebsitePublishModule.psm1 = PublishScripts\AzureWebsitePublishModule.psm1
		PublishScripts\Publish-WebApplicationWebsite.ps1 = PublishScripts\Publish-WebApplicationWebsite.ps1
	EndProjectSection
EndProject
Project("{2150E333-8FDC-42A3-9474-1A3956D46DE8}") = "Configurations", "Configurations", "{28030EDE-6FC1-48A2-A550-C9F8CF77C243}"
	ProjectSection(SolutionItems) = preProject
		PublishScripts\Configurations\TrendPie-WAWS-dev.json = PublishScripts\Configurations\TrendPie-WAWS-dev.json
	EndProjectSection
EndProject
Global
	GlobalSection(SolutionConfigurationPlatforms) = preSolution
		Debug|Any CPU = Debug|Any CPU
		Release|Any CPU = Release|Any CPU
	EndGlobalSection
	GlobalSection(ProjectConfigurationPlatforms) = postSolution
		{C159AD4D-83BD-4819-BA0D-8E40FFCDB767}.Debug|Any CPU.ActiveCfg = Debug|Any CPU
		{C159AD4D-83BD-4819-BA0D-8E40FFCDB767}.Debug|Any CPU.Build.0 = Debug|Any CPU
		{C159AD4D-83BD-4819-BA0D-8E40FFCDB767}.Release|Any CPU.ActiveCfg = Release|Any CPU
		{C159AD4D-83BD-4819-BA0D-8E40FFCDB767}.Release|Any CPU.Build.0 = Release|Any CPU
	EndGlobalSection
	GlobalSection(SolutionProperties) = preSolution
		HideSolutionNode = FALSE
	EndGlobalSection
	GlobalSection(NestedProjects) = preSolution
		{28030EDE-6FC1-48A2-A550-C9F8CF77C243} = {30F7B665-DF1E-44DF-83B6-ED51900E778A}
	EndGlobalSection
EndGlobal
